// !$*UTF8*$!
{
	archiveVersion = 1;
	classes = {
	};
	objectVersion = 46;
	objects = {

/* Begin PBXBuildFile section */
		34814DD61873234300B4D6EF /* Foundation.framework in Frameworks */ = {isa = PBXBuildFile; fileRef = 34814DD51873234300B4D6EF /* Foundation.framework */; };
		34814DD91873234300B4D6EF /* main.m in Sources */ = {isa = PBXBuildFile; fileRef = 34814DD81873234300B4D6EF /* main.m */; };
		34814DDD1873234300B4D6EF /* PropertyListsChallenge.1 in CopyFiles */ = {isa = PBXBuildFile; fileRef = 34814DDC1873234300B4D6EF /* PropertyListsChallenge.1 */; };
/* End PBXBuildFile section */

/* Begin PBXCopyFilesBuildPhase section */
		34814DD01873234300B4D6EF /* CopyFiles */ = {
			isa = PBXCopyFilesBuildPhase;
			buildActionMask = 2147483647;
			dstPath = /usr/share/man/man1/;
			dstSubfolderSpec = 0;
			files = (
				34814DDD1873234300B4D6EF /* PropertyListsChallenge.1 in CopyFiles */,
			);
			runOnlyForDeploymentPostprocessing = 1;
		};
/* End PBXCopyFilesBuildPhase section */

/* Begin PBXFileReference section */
		34814DD21873234300B4D6EF /* PropertyListsChallenge */ = {isa = PBXFileReference; explicitFileType = "compiled.mach-o.executable"; includeInIndex = 0; path = PropertyListsChallenge; sourceTree = BUILT_PRODUCTS_DIR; };
		34814DD51873234300B4D6EF /* Foundation.framework */ = {isa = PBXFileReference; lastKnownFileType = wrapper.framework; name = Foundation.framework; path = System/Library/Frameworks/Foundation.framework; sourceTree = SDKROOT; };
		34814DD81873234300B4D6EF /* main.m */ = {isa = PBXFileReference; lastKnownFileType = sourcecode.c.objc; path = main.m; sourceTree = "<group>"; };
		34814DDB1873234300B4D6EF /* PropertyListsChallenge-Prefix.pch */ = {isa = PBXFileReference; lastKnownFileType = sourcecode.c.h; path = "PropertyListsChallenge-Prefix.pch"; sourceTree = "<group>"; };
		34814DDC1873234300B4D6EF /* PropertyListsChallenge.1 */ = {isa = PBXFileReference; lastKnownFileType = text.man; path = PropertyListsChallenge.1; sourceTree = "<group>"; };
/* End PBXFileReference section */

/* Begin PBXFrameworksBuildPhase section */
		34814DCF1873234300B4D6EF /* Frameworks */ = {
			isa = PBXFrameworksBuildPhase;
			buildActionMask = 2147483647;
			files = (
				34814DD61873234300B4D6EF /* Foundation.framework in Frameworks */,
			);
			runOnlyForDeploymentPostprocessing = 0;
		};
/* End PBXFrameworksBuildPhase section */

/* Begin PBXGroup section */
		34814DC91873234300B4D6EF = {
			isa = PBXGroup;
			children = (
				34814DD71873234300B4D6EF /* PropertyListsChallenge */,
				34814DD41873234300B4D6EF /* Frameworks */,
				34814DD31873234300B4D6EF /* Products */,
			);
			sourceTree = "<group>";
		};
		34814DD31873234300B4D6EF /* Products */ = {
			isa = PBXGroup;
			children = (
				34814DD21873234300B4D6EF /* PropertyListsChallenge */,
			);
			name = Products;
			sourceTree = "<group>";
		};
		34814DD41873234300B4D6EF /* Frameworks */ = {
			isa = PBXGroup;
			children = (
				34814DD51873234300B4D6EF /* Foundation.framework */,
			);
			name = Frameworks;
			sourceTree = "<group>";
		};
		34814DD71873234300B4D6EF /* PropertyListsChallenge */ = {
			isa = PBXGroup;
			children = (
				34814DD81873234300B4D6EF /* main.m */,
				34814DDC1873234300B4D6EF /* PropertyListsChallenge.1 */,
				34814DDA1873234300B4D6EF /* Supporting Files */,
			);
			path = PropertyListsChallenge;
			sourceTree = "<group>";
		};
		34814DDA1873234300B4D6EF /* Supporting Files */ = {
			isa = PBXGroup;
			children = (
				34814DDB1873234300B4D6EF /* PropertyListsChallenge-Prefix.pch */,
			);
			name = "Supporting Files";
			sourceTree = "<group>";
		};
/* End PBXGroup section */

/* Begin PBXNativeTarget section */
		34814DD11873234300B4D6EF /* PropertyListsChallenge */ = {
			isa = PBXNativeTarget;
			buildConfigurationList = 34814DE01873234300B4D6EF /* Build configuration list for PBXNativeTarget "PropertyListsChallenge" */;
			buildPhases = (
				34814DCE1873234300B4D6EF /* Sources */,
				34814DCF1873234300B4D6EF /* Frameworks */,
				34814DD01873234300B4D6EF /* CopyFiles */,
			);
			buildRules = (
			);
			dependencies = (
			);
			name = PropertyListsChallenge;
			productName = PropertyListsChallenge;
			productReference = 34814DD21873234300B4D6EF /* PropertyListsChallenge */;
			productType = "com.apple.product-type.tool";
		};
/* End PBXNativeTarget section */

/* Begin PBXProject section */
		34814DCA1873234300B4D6EF /* Project object */ = {
			isa = PBXProject;
			attributes = {
				LastUpgradeCheck = 0500;
				ORGANIZATIONNAME = "Shane Doyle";
			};
			buildConfigurationList = 34814DCD1873234300B4D6EF /* Build configuration list for PBXProject "PropertyListsChallenge" */;
			compatibilityVersion = "Xcode 3.2";
			developmentRegion = English;
			hasScannedForEncodings = 0;
			knownRegions = (
				en,
			);
			mainGroup = 34814DC91873234300B4D6EF;
			productRefGroup = 34814DD31873234300B4D6EF /* Products */;
			projectDirPath = "";
			projectRoot = "";
			targets = (
				34814DD11873234300B4D6EF /* PropertyListsChallenge */,
			);
		};
/* End PBXProject section */

/* Begin PBXSourcesBuildPhase section */
		34814DCE1873234300B4D6EF /* Sources */ = {
			isa = PBXSourcesBuildPhase;
			buildActionMask = 2147483647;
			files = (
				34814DD91873234300B4D6EF /* main.m in Sources */,
			);
			runOnlyForDeploymentPostprocessing = 0;
		};
/* End PBXSourcesBuildPhase section */

/* Begin XCBuildConfiguration section */
		34814DDE1873234300B4D6EF /* Debug */ = {
			isa = XCBuildConfiguration;
			buildSettings = {
				ALWAYS_SEARCH_USER_PATHS = NO;
				CLANG_CXX_LANGUAGE_STANDARD = "gnu++0x";
				CLANG_CXX_LIBRARY = "libc++";
				CLANG_ENABLE_OBJC_ARC = YES;
				CLANG_WARN_BOOL_CONVERSION = YES;
				CLANG_WARN_CONSTANT_CONVERSION = YES;
				CLANG_WARN_DIRECT_OBJC_ISA_USAGE = YES_ERROR;
				CLANG_WARN_EMPTY_BODY = YES;
				CLANG_WARN_ENUM_CONVERSION = YES;
				CLANG_WARN_INT_CONVERSION = YES;
				CLANG_WARN_OBJC_ROOT_CLASS = YES_ERROR;
				CLANG_WARN__DUPLICATE_METHOD_MATCH = YES;
				COPY_PHASE_STRIP = NO;
				GCC_C_LANGUAGE_STANDARD = gnu99;
				GCC_DYNAMIC_NO_PIC = NO;
				GCC_ENABLE_OBJC_EXCEPTIONS = YES;
				GCC_OPTIMIZATION_LEVEL = 0;
				GCC_PREPROCESSOR_DEFINITIONS = (
					"DEBUG=1",
					"$(inherited)",
				);
				GCC_SYMBOLS_PRIVATE_EXTERN = NO;
				GCC_WARN_64_TO_32_BIT_CONVERSION = YES;
				GCC_WARN_ABOUT_RETURN_TYPE = YES_ERROR;
				GCC_WARN_UNDECLARED_SELECTOR = YES;
				GCC_WARN_UNINITIALIZED_AUTOS = YES;
				GCC_WARN_UNUSED_FUNCTION = YES;
				GCC_WARN_UNUSED_VARIABLE = YES;
				MACOSX_DEPLOYMENT_TARGET = 10.9;
				ONLY_ACTIVE_ARCH = YES;
				SDKROOT = macosx;
			};
			name = Debug;
		};
		34814DDF1873234300B4D6EF /* Release */ = {
			isa = XCBuildConfiguration;
			buildSettings = {
				ALWAYS_SEARCH_USER_PATHS = NO;
				CLANG_CXX_LANGUAGE_STANDARD = "gnu++0x";
				CLANG_CXX_LIBRARY = "libc++";
				CLANG_ENABLE_OBJC_ARC = YES;
				CLANG_WARN_BOOL_CONVERSION = YES;
				CLANG_WARN_CONSTANT_CONVERSION = YES;
				CLANG_WARN_DIRECT_OBJC_ISA_USAGE = YES_ERROR;
				CLANG_WARN_EMPTY_BODY = YES;
				CLANG_WARN_ENUM_CONVERSION = YES;
				CLANG_WARN_INT_CONVERSION = YES;
				CLANG_WARN_OBJC_ROOT_CLASS = YES_ERROR;
				CLANG_WARN__DUPLICATE_METHOD_MATCH = YES;
				COPY_PHASE_STRIP = YES;
				DEBUG_INFORMATION_FORMAT = "dwarf-with-dsym";
				ENABLE_NS_ASSERTIONS = NO;
				GCC_C_LANGUAGE_STANDARD = gnu99;
				GCC_ENABLE_OBJC_EXCEPTIONS = YES;
				GCC_WARN_64_TO_32_BIT_CONVERSION = YES;
				GCC_WARN_ABOUT_RETURN_TYPE = YES_ERROR;
				GCC_WARN_UNDECLARED_SELECTOR = YES;
				GCC_WARN_UNINITIALIZED_AUTOS = YES;
				GCC_WARN_UNUSED_FUNCTION = YES;
				GCC_WARN_UNUSED_VARIABLE = YES;
				MACOSX_DEPLOYMENT_TARGET = 10.9;
				SDKROOT = macosx;
			};
			name = Release;
		};
		34814DE11873234300B4D6EF /* Debug */ = {
			isa = XCBuildConfiguration;
			buildSettings = {
				GCC_PRECOMPILE_PREFIX_HEADER = YES;
				GCC_PREFIX_HEADER = "PropertyListsChallenge/PropertyListsChallenge-Prefix.pch";
				PRODUCT_NAME = "$(TARGET_NAME)";
			};
			name = Debug;
		};
		34814DE21873234300B4D6EF /* Release */ = {
			isa = XCBuildConfiguration;
			buildSettings = {
				GCC_PRECOMPILE_PREFIX_HEADER = YES;
				GCC_PREFIX_HEADER = "PropertyListsChallenge/PropertyListsChallenge-Prefix.pch";
				PRODUCT_NAME = "$(TARGET_NAME)";
			};
			name = Release;
		};
/* End XCBuildConfiguration section */

/* Begin XCConfigurationList section */
		34814DCD1873234300B4D6EF /* Build configuration list for PBXProject "PropertyListsChallenge" */ = {
			isa = XCConfigurationList;
			buildConfigurations = (
				34814DDE1873234300B4D6EF /* Debug */,
				34814DDF1873234300B4D6EF /* Release */,
			);
			defaultConfigurationIsVisible = 0;
			defaultConfigurationName = Release;
		};
		34814DE01873234300B4D6EF /* Build configuration list for PBXNativeTarget "PropertyListsChallenge" */ = {
			isa = XCConfigurationList;
			buildConfigurations = (
				34814DE11873234300B4D6EF /* Debug */,
				34814DE21873234300B4D6EF /* Release */,
			);
			defaultConfigurationIsVisible = 0;
		};
/* End XCConfigurationList section */
	};
	rootObject = 34814DCA1873234300B4D6EF /* Project object */;
}
